
Microsoft Visual Studio Solution File, Format Version 12.00
# Visual Studio Version 17
VisualStudioVersion = 17.12.35506.116 d17.12
MinimumVisualStudioVersion = 10.0.40219.1
Project("{FAE04EC0-301F-11D3-BF4B-00C04F79EFBC}") = "CsvReduceCombine", "CsvReduceCombine\CsvReduceCombine.csproj", "{7BEC142D-DB23-4C52-8CA9-3C0569DCB026}"
EndProject
Global
	GlobalSection(SolutionConfigurationPlatforms) = preSolution
		Debug|Any CPU = Debug|Any CPU
		Release|Any CPU = Release|Any CPU
	EndGlobalSection
	GlobalSection(ProjectConfigurationPlatforms) = postSolution
		{7BEC142D-DB23-4C52-8CA9-3C0569DCB026}.Debug|Any CPU.ActiveCfg = Debug|Any CPU
		{7BEC142D-DB23-4C52-8CA9-3C0569DCB026}.Debug|Any CPU.Build.0 = Debug|Any CPU
		{7BEC142D-DB23-4C52-8CA9-3C0569DCB026}.Release|Any CPU.ActiveCfg = Release|Any CPU
		{7BEC142D-DB23-4C52-8CA9-3C0569DCB026}.Release|Any CPU.Build.0 = Release|Any CPU
	EndGlobalSection
	GlobalSection(SolutionProperties) = preSolution
		HideSolutionNode = FALSE
	EndGlobalSection
EndGlobal
